// !$*UTF8*$!
{
	archiveVersion = 1;
	classes = {
	};
	objectVersion = 56;
	objects = {

/* Begin PBXBuildFile section */
		383C2A272B12CCD100B36651 /* LoginViewModel.swift in Sources */ = {isa = PBXBuildFile; fileRef = 383C2A262B12CCD100B36651 /* LoginViewModel.swift */; };
		387DD06F2B461743002C4BE7 /* NameView.swift in Sources */ = {isa = PBXBuildFile; fileRef = 387DD06E2B461743002C4BE7 /* NameView.swift */; };
		38954F1C2B460AE7007094E0 /* DeviceLocationService.swift in Sources */ = {isa = PBXBuildFile; fileRef = 38954F1B2B460AE7007094E0 /* DeviceLocationService.swift */; };
		38A1BBA12B40BB70006D04CF /* LocationManager.swift in Sources */ = {isa = PBXBuildFile; fileRef = 38A1BBA02B40BB70006D04CF /* LocationManager.swift */; };
		38BDC3992B10164100D212BF /* LoginPage.swift in Sources */ = {isa = PBXBuildFile; fileRef = 38BDC3982B10164100D212BF /* LoginPage.swift */; };
		38BDC39D2B1029E500D212BF /* GoogleService-Info.plist in Resources */ = {isa = PBXBuildFile; fileRef = 38BDC39C2B1029E500D212BF /* GoogleService-Info.plist */; };
		38BDC3A12B10349600D212BF /* FirebaseAuth in Frameworks */ = {isa = PBXBuildFile; productRef = 38BDC3A02B10349600D212BF /* FirebaseAuth */; };
		38BDC3A32B10349600D212BF /* FirebaseFirestore in Frameworks */ = {isa = PBXBuildFile; productRef = 38BDC3A22B10349600D212BF /* FirebaseFirestore */; };
		38BDC3A62B1034E800D212BF /* GoogleSignIn in Frameworks */ = {isa = PBXBuildFile; productRef = 38BDC3A52B1034E800D212BF /* GoogleSignIn */; };
		38C759292B9FC78E00C1CDCF /* LoginView.swift in Sources */ = {isa = PBXBuildFile; fileRef = 38C759282B9FC78E00C1CDCF /* LoginView.swift */; };
		38C7592E2B9FC88B00C1CDCF /* LufgaRegular.ttf in Resources */ = {isa = PBXBuildFile; fileRef = 38C7592D2B9FC88B00C1CDCF /* LufgaRegular.ttf */; };
		38C759302B9FC89900C1CDCF /* LufgaMedium.ttf in Resources */ = {isa = PBXBuildFile; fileRef = 38C7592F2B9FC89900C1CDCF /* LufgaMedium.ttf */; };
		AC4A5CA02AED652A0001CB8A /* Breathe_EasyApp.swift in Sources */ = {isa = PBXBuildFile; fileRef = AC4A5C9F2AED652A0001CB8A /* Breathe_EasyApp.swift */; };
		AC4A5CA22AED652A0001CB8A /* ContentView.swift in Sources */ = {isa = PBXBuildFile; fileRef = AC4A5CA12AED652A0001CB8A /* ContentView.swift */; };
		AC4A5CA42AED652C0001CB8A /* Assets.xcassets in Resources */ = {isa = PBXBuildFile; fileRef = AC4A5CA32AED652C0001CB8A /* Assets.xcassets */; };
		AC4A5CA72AED652C0001CB8A /* Preview Assets.xcassets in Resources */ = {isa = PBXBuildFile; fileRef = AC4A5CA62AED652C0001CB8A /* Preview Assets.xcassets */; };
		AC4A5CB12AED652C0001CB8A /* Breathe_EasyTests.swift in Sources */ = {isa = PBXBuildFile; fileRef = AC4A5CB02AED652C0001CB8A /* Breathe_EasyTests.swift */; };
		AC4A5CBB2AED652C0001CB8A /* Breathe_EasyUITests.swift in Sources */ = {isa = PBXBuildFile; fileRef = AC4A5CBA2AED652C0001CB8A /* Breathe_EasyUITests.swift */; };
		AC4A5CBD2AED652C0001CB8A /* Breathe_EasyUITestsLaunchTests.swift in Sources */ = {isa = PBXBuildFile; fileRef = AC4A5CBC2AED652C0001CB8A /* Breathe_EasyUITestsLaunchTests.swift */; };
		AC4A5CD02AED65BF0001CB8A /* WidgetKit.framework in Frameworks */ = {isa = PBXBuildFile; fileRef = AC4A5CCF2AED65BF0001CB8A /* WidgetKit.framework */; };
		AC4A5CD22AED65BF0001CB8A /* SwiftUI.framework in Frameworks */ = {isa = PBXBuildFile; fileRef = AC4A5CD12AED65BF0001CB8A /* SwiftUI.framework */; };
		AC4A5CD52AED65BF0001CB8A /* Breathe_Easy_WidgetBundle.swift in Sources */ = {isa = PBXBuildFile; fileRef = AC4A5CD42AED65BF0001CB8A /* Breathe_Easy_WidgetBundle.swift */; };
		AC4A5CD72AED65BF0001CB8A /* Breathe_Easy_WidgetLiveActivity.swift in Sources */ = {isa = PBXBuildFile; fileRef = AC4A5CD62AED65BF0001CB8A /* Breathe_Easy_WidgetLiveActivity.swift */; };
		AC4A5CD92AED65BF0001CB8A /* Breathe_Easy_Widget.swift in Sources */ = {isa = PBXBuildFile; fileRef = AC4A5CD82AED65BF0001CB8A /* Breathe_Easy_Widget.swift */; };
		AC4A5CDB2AED65BF0001CB8A /* AppIntent.swift in Sources */ = {isa = PBXBuildFile; fileRef = AC4A5CDA2AED65BF0001CB8A /* AppIntent.swift */; };
		AC4A5CDD2AED65C10001CB8A /* Assets.xcassets in Resources */ = {isa = PBXBuildFile; fileRef = AC4A5CDC2AED65C10001CB8A /* Assets.xcassets */; };
		AC4A5CE12AED65C10001CB8A /* Breathe Easy WidgetExtension.appex in Embed Foundation Extensions */ = {isa = PBXBuildFile; fileRef = AC4A5CCD2AED65BF0001CB8A /* Breathe Easy WidgetExtension.appex */; settings = {ATTRIBUTES = (RemoveHeadersOnCopy, ); }; };
		AC6C60562B44CC2900FC8B67 /* DeleteAccountView.swift in Sources */ = {isa = PBXBuildFile; fileRef = AC6C60552B44CC2900FC8B67 /* DeleteAccountView.swift */; };
/* End PBXBuildFile section */

/* Begin PBXContainerItemProxy section */
		AC4A5CAD2AED652C0001CB8A /* PBXContainerItemProxy */ = {
			isa = PBXContainerItemProxy;
			containerPortal = AC4A5C942AED652A0001CB8A /* Project object */;
			proxyType = 1;
			remoteGlobalIDString = AC4A5C9B2AED652A0001CB8A;
			remoteInfo = "Breathe Easy";
		};
		AC4A5CB72AED652C0001CB8A /* PBXContainerItemProxy */ = {
			isa = PBXContainerItemProxy;
			containerPortal = AC4A5C942AED652A0001CB8A /* Project object */;
			proxyType = 1;
			remoteGlobalIDString = AC4A5C9B2AED652A0001CB8A;
			remoteInfo = "Breathe Easy";
		};
		AC4A5CDF2AED65C10001CB8A /* PBXContainerItemProxy */ = {
			isa = PBXContainerItemProxy;
			containerPortal = AC4A5C942AED652A0001CB8A /* Project object */;
			proxyType = 1;
			remoteGlobalIDString = AC4A5CCC2AED65BF0001CB8A;
			remoteInfo = "Breathe Easy WidgetExtension";
		};
/* End PBXContainerItemProxy section */

/* Begin PBXCopyFilesBuildPhase section */
		AC4A5CE52AED65C10001CB8A /* Embed Foundation Extensions */ = {
			isa = PBXCopyFilesBuildPhase;
			buildActionMask = 2147483647;
			dstPath = "";
			dstSubfolderSpec = 13;
			files = (
				AC4A5CE12AED65C10001CB8A /* Breathe Easy WidgetExtension.appex in Embed Foundation Extensions */,
			);
			name = "Embed Foundation Extensions";
			runOnlyForDeploymentPostprocessing = 0;
		};
/* End PBXCopyFilesBuildPhase section */

/* Begin PBXFileReference section */
		383C2A242B12C53A00B36651 /* Breathe Easy.entitlements */ = {isa = PBXFileReference; lastKnownFileType = text.plist.entitlements; path = "Breathe Easy.entitlements"; sourceTree = "<group>"; };
		383C2A262B12CCD100B36651 /* LoginViewModel.swift */ = {isa = PBXFileReference; lastKnownFileType = sourcecode.swift; path = LoginViewModel.swift; sourceTree = "<group>"; };
		387DD06E2B461743002C4BE7 /* NameView.swift */ = {isa = PBXFileReference; lastKnownFileType = sourcecode.swift; path = NameView.swift; sourceTree = "<group>"; };
		38954F1B2B460AE7007094E0 /* DeviceLocationService.swift */ = {isa = PBXFileReference; lastKnownFileType = sourcecode.swift; path = DeviceLocationService.swift; sourceTree = "<group>"; };
		38A1BBA02B40BB70006D04CF /* LocationManager.swift */ = {isa = PBXFileReference; lastKnownFileType = sourcecode.swift; path = LocationManager.swift; sourceTree = "<group>"; };
		38BDC3982B10164100D212BF /* LoginPage.swift */ = {isa = PBXFileReference; lastKnownFileType = sourcecode.swift; path = LoginPage.swift; sourceTree = "<group>"; };
		38BDC39C2B1029E500D212BF /* GoogleService-Info.plist */ = {isa = PBXFileReference; fileEncoding = 4; lastKnownFileType = text.plist.xml; path = "GoogleService-Info.plist"; sourceTree = "<group>"; };
		38BDC39E2B102A4600D212BF /* Breathe-Easy-Info.plist */ = {isa = PBXFileReference; lastKnownFileType = text.plist; path = "Breathe-Easy-Info.plist"; sourceTree = SOURCE_ROOT; };
		38C759282B9FC78E00C1CDCF /* LoginView.swift */ = {isa = PBXFileReference; fileEncoding = 4; lastKnownFileType = sourcecode.swift; name = LoginView.swift; path = ../../../../BreatheEasyFigma/BreatheEasyFigma/BreatheEasyFigma/LoginView.swift; sourceTree = "<group>"; };
		38C7592C2B9FC87100C1CDCF /* HelveticaNeueMedium.otf */ = {isa = PBXFileReference; lastKnownFileType = file; path = HelveticaNeueMedium.otf; sourceTree = "<group>"; };
		38C7592D2B9FC88B00C1CDCF /* LufgaRegular.ttf */ = {isa = PBXFileReference; lastKnownFileType = file; name = LufgaRegular.ttf; path = ../../../../../Downloads/lufga/LufgaRegular.ttf; sourceTree = "<group>"; };
		38C7592F2B9FC89900C1CDCF /* LufgaMedium.ttf */ = {isa = PBXFileReference; lastKnownFileType = file; name = LufgaMedium.ttf; path = ../../../../../Downloads/lufga/LufgaMedium.ttf; sourceTree = "<group>"; };
		AC4A5C9C2AED652A0001CB8A /* Breathe Easy.app */ = {isa = PBXFileReference; explicitFileType = wrapper.application; includeInIndex = 0; path = "Breathe Easy.app"; sourceTree = BUILT_PRODUCTS_DIR; };
		AC4A5C9F2AED652A0001CB8A /* Breathe_EasyApp.swift */ = {isa = PBXFileReference; lastKnownFileType = sourcecode.swift; path = Breathe_EasyApp.swift; sourceTree = "<group>"; };
		AC4A5CA12AED652A0001CB8A /* ContentView.swift */ = {isa = PBXFileReference; lastKnownFileType = sourcecode.swift; path = ContentView.swift; sourceTree = "<group>"; };
		AC4A5CA32AED652C0001CB8A /* Assets.xcassets */ = {isa = PBXFileReference; lastKnownFileType = folder.assetcatalog; path = Assets.xcassets; sourceTree = "<group>"; };
		AC4A5CA62AED652C0001CB8A /* Preview Assets.xcassets */ = {isa = PBXFileReference; lastKnownFileType = folder.assetcatalog; path = "Preview Assets.xcassets"; sourceTree = "<group>"; };
		AC4A5CAC2AED652C0001CB8A /* Breathe EasyTests.xctest */ = {isa = PBXFileReference; explicitFileType = wrapper.cfbundle; includeInIndex = 0; path = "Breathe EasyTests.xctest"; sourceTree = BUILT_PRODUCTS_DIR; };
		AC4A5CB02AED652C0001CB8A /* Breathe_EasyTests.swift */ = {isa = PBXFileReference; lastKnownFileType = sourcecode.swift; path = Breathe_EasyTests.swift; sourceTree = "<group>"; };
		AC4A5CB62AED652C0001CB8A /* Breathe EasyUITests.xctest */ = {isa = PBXFileReference; explicitFileType = wrapper.cfbundle; includeInIndex = 0; path = "Breathe EasyUITests.xctest"; sourceTree = BUILT_PRODUCTS_DIR; };
		AC4A5CBA2AED652C0001CB8A /* Breathe_EasyUITests.swift */ = {isa = PBXFileReference; lastKnownFileType = sourcecode.swift; path = Breathe_EasyUITests.swift; sourceTree = "<group>"; };
		AC4A5CBC2AED652C0001CB8A /* Breathe_EasyUITestsLaunchTests.swift */ = {isa = PBXFileReference; lastKnownFileType = sourcecode.swift; path = Breathe_EasyUITestsLaunchTests.swift; sourceTree = "<group>"; };
		AC4A5CCD2AED65BF0001CB8A /* Breathe Easy WidgetExtension.appex */ = {isa = PBXFileReference; explicitFileType = "wrapper.app-extension"; includeInIndex = 0; path = "Breathe Easy WidgetExtension.appex"; sourceTree = BUILT_PRODUCTS_DIR; };
		AC4A5CCF2AED65BF0001CB8A /* WidgetKit.framework */ = {isa = PBXFileReference; lastKnownFileType = wrapper.framework; name = WidgetKit.framework; path = System/Library/Frameworks/WidgetKit.framework; sourceTree = SDKROOT; };
		AC4A5CD12AED65BF0001CB8A /* SwiftUI.framework */ = {isa = PBXFileReference; lastKnownFileType = wrapper.framework; name = SwiftUI.framework; path = System/Library/Frameworks/SwiftUI.framework; sourceTree = SDKROOT; };
		AC4A5CD42AED65BF0001CB8A /* Breathe_Easy_WidgetBundle.swift */ = {isa = PBXFileReference; lastKnownFileType = sourcecode.swift; path = Breathe_Easy_WidgetBundle.swift; sourceTree = "<group>"; };
		AC4A5CD62AED65BF0001CB8A /* Breathe_Easy_WidgetLiveActivity.swift */ = {isa = PBXFileReference; lastKnownFileType = sourcecode.swift; path = Breathe_Easy_WidgetLiveActivity.swift; sourceTree = "<group>"; };
		AC4A5CD82AED65BF0001CB8A /* Breathe_Easy_Widget.swift */ = {isa = PBXFileReference; lastKnownFileType = sourcecode.swift; path = Breathe_Easy_Widget.swift; sourceTree = "<group>"; };
		AC4A5CDA2AED65BF0001CB8A /* AppIntent.swift */ = {isa = PBXFileReference; lastKnownFileType = sourcecode.swift; path = AppIntent.swift; sourceTree = "<group>"; };
		AC4A5CDC2AED65C10001CB8A /* Assets.xcassets */ = {isa = PBXFileReference; lastKnownFileType = folder.assetcatalog; path = Assets.xcassets; sourceTree = "<group>"; };
		AC4A5CDE2AED65C10001CB8A /* Info.plist */ = {isa = PBXFileReference; lastKnownFileType = text.plist.xml; path = Info.plist; sourceTree = "<group>"; };
		AC6C60552B44CC2900FC8B67 /* DeleteAccountView.swift */ = {isa = PBXFileReference; lastKnownFileType = sourcecode.swift; path = DeleteAccountView.swift; sourceTree = "<group>"; };
/* End PBXFileReference section */

/* Begin PBXFrameworksBuildPhase section */
		AC4A5C992AED652A0001CB8A /* Frameworks */ = {
			isa = PBXFrameworksBuildPhase;
			buildActionMask = 2147483647;
			files = (
				38BDC3A12B10349600D212BF /* FirebaseAuth in Frameworks */,
				38BDC3A32B10349600D212BF /* FirebaseFirestore in Frameworks */,
				38BDC3A62B1034E800D212BF /* GoogleSignIn in Frameworks */,
			);
			runOnlyForDeploymentPostprocessing = 0;
		};
		AC4A5CA92AED652C0001CB8A /* Frameworks */ = {
			isa = PBXFrameworksBuildPhase;
			buildActionMask = 2147483647;
			files = (
			);
			runOnlyForDeploymentPostprocessing = 0;
		};
		AC4A5CB32AED652C0001CB8A /* Frameworks */ = {
			isa = PBXFrameworksBuildPhase;
			buildActionMask = 2147483647;
			files = (
			);
			runOnlyForDeploymentPostprocessing = 0;
		};
		AC4A5CCA2AED65BF0001CB8A /* Frameworks */ = {
			isa = PBXFrameworksBuildPhase;
			buildActionMask = 2147483647;
			files = (
				AC4A5CD22AED65BF0001CB8A /* SwiftUI.framework in Frameworks */,
				AC4A5CD02AED65BF0001CB8A /* WidgetKit.framework in Frameworks */,
			);
			runOnlyForDeploymentPostprocessing = 0;
		};
/* End PBXFrameworksBuildPhase section */

/* Begin PBXGroup section */
		383C2A252B12C8F600B36651 /* ViewModel */ = {
			isa = PBXGroup;
			children = (
				383C2A262B12CCD100B36651 /* LoginViewModel.swift */,
				38954F1B2B460AE7007094E0 /* DeviceLocationService.swift */,
			);
			path = ViewModel;
			sourceTree = "<group>";
		};
		38BDC3972B10161600D212BF /* View */ = {
			isa = PBXGroup;
			children = (
				38C759282B9FC78E00C1CDCF /* LoginView.swift */,
				AC6C60552B44CC2900FC8B67 /* DeleteAccountView.swift */,
				38BDC3982B10164100D212BF /* LoginPage.swift */,
				387DD06E2B461743002C4BE7 /* NameView.swift */,
			);
			path = View;
			sourceTree = "<group>";
		};
		38C7592A2B9FC83500C1CDCF /* Fonts */ = {
			isa = PBXGroup;
			children = (
				38C7592F2B9FC89900C1CDCF /* LufgaMedium.ttf */,
				38C7592D2B9FC88B00C1CDCF /* LufgaRegular.ttf */,
				38C7592C2B9FC87100C1CDCF /* HelveticaNeueMedium.otf */,
			);
			name = Fonts;
			path = ../../../BreatheEasyFigma/BreatheEasyFigma/BreatheEasyFigma/Fonts;
			sourceTree = "<group>";
		};
		AC4A5C932AED652A0001CB8A = {
			isa = PBXGroup;
			children = (
				AC4A5C9E2AED652A0001CB8A /* Breathe Easy */,
				AC4A5CAF2AED652C0001CB8A /* Breathe EasyTests */,
				AC4A5CB92AED652C0001CB8A /* Breathe EasyUITests */,
				AC4A5CD32AED65BF0001CB8A /* Breathe Easy Widget */,
				AC4A5CCE2AED65BF0001CB8A /* Frameworks */,
				AC4A5C9D2AED652A0001CB8A /* Products */,
			);
			sourceTree = "<group>";
		};
		AC4A5C9D2AED652A0001CB8A /* Products */ = {
			isa = PBXGroup;
			children = (
				AC4A5C9C2AED652A0001CB8A /* Breathe Easy.app */,
				AC4A5CAC2AED652C0001CB8A /* Breathe EasyTests.xctest */,
				AC4A5CB62AED652C0001CB8A /* Breathe EasyUITests.xctest */,
				AC4A5CCD2AED65BF0001CB8A /* Breathe Easy WidgetExtension.appex */,
			);
			name = Products;
			sourceTree = "<group>";
		};
		AC4A5C9E2AED652A0001CB8A /* Breathe Easy */ = {
			isa = PBXGroup;
			children = (
				38C7592A2B9FC83500C1CDCF /* Fonts */,
				383C2A242B12C53A00B36651 /* Breathe Easy.entitlements */,
				38BDC39E2B102A4600D212BF /* Breathe-Easy-Info.plist */,
				38BDC39C2B1029E500D212BF /* GoogleService-Info.plist */,
				383C2A252B12C8F600B36651 /* ViewModel */,
				38BDC3972B10161600D212BF /* View */,
				AC4A5C9F2AED652A0001CB8A /* Breathe_EasyApp.swift */,
				AC4A5CA12AED652A0001CB8A /* ContentView.swift */,
				AC4A5CA32AED652C0001CB8A /* Assets.xcassets */,
				AC4A5CA52AED652C0001CB8A /* Preview Content */,
				38A1BBA02B40BB70006D04CF /* LocationManager.swift */,
			);
			path = "Breathe Easy";
			sourceTree = "<group>";
		};
		AC4A5CA52AED652C0001CB8A /* Preview Content */ = {
			isa = PBXGroup;
			children = (
				AC4A5CA62AED652C0001CB8A /* Preview Assets.xcassets */,
			);
			path = "Preview Content";
			sourceTree = "<group>";
		};
		AC4A5CAF2AED652C0001CB8A /* Breathe EasyTests */ = {
			isa = PBXGroup;
			children = (
				AC4A5CB02AED652C0001CB8A /* Breathe_EasyTests.swift */,
			);
			path = "Breathe EasyTests";
			sourceTree = "<group>";
		};
		AC4A5CB92AED652C0001CB8A /* Breathe EasyUITests */ = {
			isa = PBXGroup;
			children = (
				AC4A5CBA2AED652C0001CB8A /* Breathe_EasyUITests.swift */,
				AC4A5CBC2AED652C0001CB8A /* Breathe_EasyUITestsLaunchTests.swift */,
			);
			path = "Breathe EasyUITests";
			sourceTree = "<group>";
		};
		AC4A5CCE2AED65BF0001CB8A /* Frameworks */ = {
			isa = PBXGroup;
			children = (
				AC4A5CCF2AED65BF0001CB8A /* WidgetKit.framework */,
				AC4A5CD12AED65BF0001CB8A /* SwiftUI.framework */,
			);
			name = Frameworks;
			sourceTree = "<group>";
		};
		AC4A5CD32AED65BF0001CB8A /* Breathe Easy Widget */ = {
			isa = PBXGroup;
			children = (
				AC4A5CD42AED65BF0001CB8A /* Breathe_Easy_WidgetBundle.swift */,
				AC4A5CD62AED65BF0001CB8A /* Breathe_Easy_WidgetLiveActivity.swift */,
				AC4A5CD82AED65BF0001CB8A /* Breathe_Easy_Widget.swift */,
				AC4A5CDA2AED65BF0001CB8A /* AppIntent.swift */,
				AC4A5CDC2AED65C10001CB8A /* Assets.xcassets */,
				AC4A5CDE2AED65C10001CB8A /* Info.plist */,
			);
			path = "Breathe Easy Widget";
			sourceTree = "<group>";
		};
/* End PBXGroup section */

/* Begin PBXNativeTarget section */
		AC4A5C9B2AED652A0001CB8A /* Breathe Easy */ = {
			isa = PBXNativeTarget;
			buildConfigurationList = AC4A5CC02AED652C0001CB8A /* Build configuration list for PBXNativeTarget "Breathe Easy" */;
			buildPhases = (
				AC4A5C982AED652A0001CB8A /* Sources */,
				AC4A5C992AED652A0001CB8A /* Frameworks */,
				AC4A5C9A2AED652A0001CB8A /* Resources */,
				AC4A5CE52AED65C10001CB8A /* Embed Foundation Extensions */,
			);
			buildRules = (
			);
			dependencies = (
				AC4A5CE02AED65C10001CB8A /* PBXTargetDependency */,
			);
			name = "Breathe Easy";
			packageProductDependencies = (
				38BDC3A02B10349600D212BF /* FirebaseAuth */,
				38BDC3A22B10349600D212BF /* FirebaseFirestore */,
				38BDC3A52B1034E800D212BF /* GoogleSignIn */,
			);
			productName = "Breathe Easy";
			productReference = AC4A5C9C2AED652A0001CB8A /* Breathe Easy.app */;
			productType = "com.apple.product-type.application";
		};
		AC4A5CAB2AED652C0001CB8A /* Breathe EasyTests */ = {
			isa = PBXNativeTarget;
			buildConfigurationList = AC4A5CC32AED652C0001CB8A /* Build configuration list for PBXNativeTarget "Breathe EasyTests" */;
			buildPhases = (
				AC4A5CA82AED652C0001CB8A /* Sources */,
				AC4A5CA92AED652C0001CB8A /* Frameworks */,
				AC4A5CAA2AED652C0001CB8A /* Resources */,
			);
			buildRules = (
			);
			dependencies = (
				AC4A5CAE2AED652C0001CB8A /* PBXTargetDependency */,
			);
			name = "Breathe EasyTests";
			productName = "Breathe EasyTests";
			productReference = AC4A5CAC2AED652C0001CB8A /* Breathe EasyTests.xctest */;
			productType = "com.apple.product-type.bundle.unit-test";
		};
		AC4A5CB52AED652C0001CB8A /* Breathe EasyUITests */ = {
			isa = PBXNativeTarget;
			buildConfigurationList = AC4A5CC62AED652C0001CB8A /* Build configuration list for PBXNativeTarget "Breathe EasyUITests" */;
			buildPhases = (
				AC4A5CB22AED652C0001CB8A /* Sources */,
				AC4A5CB32AED652C0001CB8A /* Frameworks */,
				AC4A5CB42AED652C0001CB8A /* Resources */,
			);
			buildRules = (
			);
			dependencies = (
				AC4A5CB82AED652C0001CB8A /* PBXTargetDependency */,
			);
			name = "Breathe EasyUITests";
			productName = "Breathe EasyUITests";
			productReference = AC4A5CB62AED652C0001CB8A /* Breathe EasyUITests.xctest */;
			productType = "com.apple.product-type.bundle.ui-testing";
		};
		AC4A5CCC2AED65BF0001CB8A /* Breathe Easy WidgetExtension */ = {
			isa = PBXNativeTarget;
			buildConfigurationList = AC4A5CE22AED65C10001CB8A /* Build configuration list for PBXNativeTarget "Breathe Easy WidgetExtension" */;
			buildPhases = (
				AC4A5CC92AED65BF0001CB8A /* Sources */,
				AC4A5CCA2AED65BF0001CB8A /* Frameworks */,
				AC4A5CCB2AED65BF0001CB8A /* Resources */,
			);
			buildRules = (
			);
			dependencies = (
			);
			name = "Breathe Easy WidgetExtension";
			productName = "Breathe Easy WidgetExtension";
			productReference = AC4A5CCD2AED65BF0001CB8A /* Breathe Easy WidgetExtension.appex */;
			productType = "com.apple.product-type.app-extension";
		};
/* End PBXNativeTarget section */

/* Begin PBXProject section */
		AC4A5C942AED652A0001CB8A /* Project object */ = {
			isa = PBXProject;
			attributes = {
				BuildIndependentTargetsInParallel = 1;
				LastSwiftUpdateCheck = 1500;
				LastUpgradeCheck = 1500;
				TargetAttributes = {
					AC4A5C9B2AED652A0001CB8A = {
						CreatedOnToolsVersion = 15.0.1;
					};
					AC4A5CAB2AED652C0001CB8A = {
						CreatedOnToolsVersion = 15.0.1;
						TestTargetID = AC4A5C9B2AED652A0001CB8A;
					};
					AC4A5CB52AED652C0001CB8A = {
						CreatedOnToolsVersion = 15.0.1;
						TestTargetID = AC4A5C9B2AED652A0001CB8A;
					};
					AC4A5CCC2AED65BF0001CB8A = {
						CreatedOnToolsVersion = 15.0.1;
					};
				};
			};
			buildConfigurationList = AC4A5C972AED652A0001CB8A /* Build configuration list for PBXProject "Breathe Easy" */;
			compatibilityVersion = "Xcode 14.0";
			developmentRegion = en;
			hasScannedForEncodings = 0;
			knownRegions = (
				en,
				Base,
			);
			mainGroup = AC4A5C932AED652A0001CB8A;
			packageReferences = (
				38BDC39F2B10349600D212BF /* XCRemoteSwiftPackageReference "firebase-ios-sdk" */,
				38BDC3A42B1034E800D212BF /* XCRemoteSwiftPackageReference "GoogleSignIn-iOS" */,
			);
			productRefGroup = AC4A5C9D2AED652A0001CB8A /* Products */;
			projectDirPath = "";
			projectRoot = "";
			targets = (
				AC4A5C9B2AED652A0001CB8A /* Breathe Easy */,
				AC4A5CAB2AED652C0001CB8A /* Breathe EasyTests */,
				AC4A5CB52AED652C0001CB8A /* Breathe EasyUITests */,
				AC4A5CCC2AED65BF0001CB8A /* Breathe Easy WidgetExtension */,
			);
		};
/* End PBXProject section */

/* Begin PBXResourcesBuildPhase section */
		AC4A5C9A2AED652A0001CB8A /* Resources */ = {
			isa = PBXResourcesBuildPhase;
			buildActionMask = 2147483647;
			files = (
				AC4A5CA72AED652C0001CB8A /* Preview Assets.xcassets in Resources */,
				38C7592E2B9FC88B00C1CDCF /* LufgaRegular.ttf in Resources */,
				38BDC39D2B1029E500D212BF /* GoogleService-Info.plist in Resources */,
				AC4A5CA42AED652C0001CB8A /* Assets.xcassets in Resources */,
				38C759302B9FC89900C1CDCF /* LufgaMedium.ttf in Resources */,
			);
			runOnlyForDeploymentPostprocessing = 0;
		};
		AC4A5CAA2AED652C0001CB8A /* Resources */ = {
			isa = PBXResourcesBuildPhase;
			buildActionMask = 2147483647;
			files = (
			);
			runOnlyForDeploymentPostprocessing = 0;
		};
		AC4A5CB42AED652C0001CB8A /* Resources */ = {
			isa = PBXResourcesBuildPhase;
			buildActionMask = 2147483647;
			files = (
			);
			runOnlyForDeploymentPostprocessing = 0;
		};
		AC4A5CCB2AED65BF0001CB8A /* Resources */ = {
			isa = PBXResourcesBuildPhase;
			buildActionMask = 2147483647;
			files = (
				AC4A5CDD2AED65C10001CB8A /* Assets.xcassets in Resources */,
			);
			runOnlyForDeploymentPostprocessing = 0;
		};
/* End PBXResourcesBuildPhase section */

/* Begin PBXSourcesBuildPhase section */
		AC4A5C982AED652A0001CB8A /* Sources */ = {
			isa = PBXSourcesBuildPhase;
			buildActionMask = 2147483647;
			files = (
				383C2A272B12CCD100B36651 /* LoginViewModel.swift in Sources */,
				AC4A5CA22AED652A0001CB8A /* ContentView.swift in Sources */,
				38A1BBA12B40BB70006D04CF /* LocationManager.swift in Sources */,
				38C759292B9FC78E00C1CDCF /* LoginView.swift in Sources */,
				38BDC3992B10164100D212BF /* LoginPage.swift in Sources */,
				38954F1C2B460AE7007094E0 /* DeviceLocationService.swift in Sources */,
				387DD06F2B461743002C4BE7 /* NameView.swift in Sources */,
				AC4A5CA02AED652A0001CB8A /* Breathe_EasyApp.swift in Sources */,
				AC6C60562B44CC2900FC8B67 /* DeleteAccountView.swift in Sources */,
			);
			runOnlyForDeploymentPostprocessing = 0;
		};
		AC4A5CA82AED652C0001CB8A /* Sources */ = {
			isa = PBXSourcesBuildPhase;
			buildActionMask = 2147483647;
			files = (
				AC4A5CB12AED652C0001CB8A /* Breathe_EasyTests.swift in Sources */,
			);
			runOnlyForDeploymentPostprocessing = 0;
		};
		AC4A5CB22AED652C0001CB8A /* Sources */ = {
			isa = PBXSourcesBuildPhase;
			buildActionMask = 2147483647;
			files = (
				AC4A5CBD2AED652C0001CB8A /* Breathe_EasyUITestsLaunchTests.swift in Sources */,
				AC4A5CBB2AED652C0001CB8A /* Breathe_EasyUITests.swift in Sources */,
			);
			runOnlyForDeploymentPostprocessing = 0;
		};
		AC4A5CC92AED65BF0001CB8A /* Sources */ = {
			isa = PBXSourcesBuildPhase;
			buildActionMask = 2147483647;
			files = (
				AC4A5CD72AED65BF0001CB8A /* Breathe_Easy_WidgetLiveActivity.swift in Sources */,
				AC4A5CDB2AED65BF0001CB8A /* AppIntent.swift in Sources */,
				AC4A5CD52AED65BF0001CB8A /* Breathe_Easy_WidgetBundle.swift in Sources */,
				AC4A5CD92AED65BF0001CB8A /* Breathe_Easy_Widget.swift in Sources */,
			);
			runOnlyForDeploymentPostprocessing = 0;
		};
/* End PBXSourcesBuildPhase section */

/* Begin PBXTargetDependency section */
		AC4A5CAE2AED652C0001CB8A /* PBXTargetDependency */ = {
			isa = PBXTargetDependency;
			target = AC4A5C9B2AED652A0001CB8A /* Breathe Easy */;
			targetProxy = AC4A5CAD2AED652C0001CB8A /* PBXContainerItemProxy */;
		};
		AC4A5CB82AED652C0001CB8A /* PBXTargetDependency */ = {
			isa = PBXTargetDependency;
			target = AC4A5C9B2AED652A0001CB8A /* Breathe Easy */;
			targetProxy = AC4A5CB72AED652C0001CB8A /* PBXContainerItemProxy */;
		};
		AC4A5CE02AED65C10001CB8A /* PBXTargetDependency */ = {
			isa = PBXTargetDependency;
			target = AC4A5CCC2AED65BF0001CB8A /* Breathe Easy WidgetExtension */;
			targetProxy = AC4A5CDF2AED65C10001CB8A /* PBXContainerItemProxy */;
		};
/* End PBXTargetDependency section */

/* Begin XCBuildConfiguration section */
		AC4A5CBE2AED652C0001CB8A /* Debug */ = {
			isa = XCBuildConfiguration;
			buildSettings = {
				ALWAYS_SEARCH_USER_PATHS = NO;
				ASSETCATALOG_COMPILER_GENERATE_SWIFT_ASSET_SYMBOL_EXTENSIONS = YES;
				CLANG_ANALYZER_NONNULL = YES;
				CLANG_ANALYZER_NUMBER_OBJECT_CONVERSION = YES_AGGRESSIVE;
				CLANG_CXX_LANGUAGE_STANDARD = "gnu++20";
				CLANG_ENABLE_MODULES = YES;
				CLANG_ENABLE_OBJC_ARC = YES;
				CLANG_ENABLE_OBJC_WEAK = YES;
				CLANG_WARN_BLOCK_CAPTURE_AUTORELEASING = YES;
				CLANG_WARN_BOOL_CONVERSION = YES;
				CLANG_WARN_COMMA = YES;
				CLANG_WARN_CONSTANT_CONVERSION = YES;
				CLANG_WARN_DEPRECATED_OBJC_IMPLEMENTATIONS = YES;
				CLANG_WARN_DIRECT_OBJC_ISA_USAGE = YES_ERROR;
				CLANG_WARN_DOCUMENTATION_COMMENTS = YES;
				CLANG_WARN_EMPTY_BODY = YES;
				CLANG_WARN_ENUM_CONVERSION = YES;
				CLANG_WARN_INFINITE_RECURSION = YES;
				CLANG_WARN_INT_CONVERSION = YES;
				CLANG_WARN_NON_LITERAL_NULL_CONVERSION = YES;
				CLANG_WARN_OBJC_IMPLICIT_RETAIN_SELF = YES;
				CLANG_WARN_OBJC_LITERAL_CONVERSION = YES;
				CLANG_WARN_OBJC_ROOT_CLASS = YES_ERROR;
				CLANG_WARN_QUOTED_INCLUDE_IN_FRAMEWORK_HEADER = YES;
				CLANG_WARN_RANGE_LOOP_ANALYSIS = YES;
				CLANG_WARN_STRICT_PROTOTYPES = YES;
				CLANG_WARN_SUSPICIOUS_MOVE = YES;
				CLANG_WARN_UNGUARDED_AVAILABILITY = YES_AGGRESSIVE;
				CLANG_WARN_UNREACHABLE_CODE = YES;
				CLANG_WARN__DUPLICATE_METHOD_MATCH = YES;
				COPY_PHASE_STRIP = NO;
				DEBUG_INFORMATION_FORMAT = dwarf;
				ENABLE_STRICT_OBJC_MSGSEND = YES;
				ENABLE_TESTABILITY = YES;
				ENABLE_USER_SCRIPT_SANDBOXING = YES;
				GCC_C_LANGUAGE_STANDARD = gnu17;
				GCC_DYNAMIC_NO_PIC = NO;
				GCC_NO_COMMON_BLOCKS = YES;
				GCC_OPTIMIZATION_LEVEL = 0;
				GCC_PREPROCESSOR_DEFINITIONS = (
					"DEBUG=1",
					"$(inherited)",
				);
				GCC_WARN_64_TO_32_BIT_CONVERSION = YES;
				GCC_WARN_ABOUT_RETURN_TYPE = YES_ERROR;
				GCC_WARN_UNDECLARED_SELECTOR = YES;
				GCC_WARN_UNINITIALIZED_AUTOS = YES_AGGRESSIVE;
				GCC_WARN_UNUSED_FUNCTION = YES;
				GCC_WARN_UNUSED_VARIABLE = YES;
				IPHONEOS_DEPLOYMENT_TARGET = 17.0;
				LOCALIZATION_PREFERS_STRING_CATALOGS = YES;
				MTL_ENABLE_DEBUG_INFO = INCLUDE_SOURCE;
				MTL_FAST_MATH = YES;
				ONLY_ACTIVE_ARCH = YES;
				SDKROOT = iphoneos;
				SWIFT_ACTIVE_COMPILATION_CONDITIONS = "DEBUG $(inherited)";
				SWIFT_OPTIMIZATION_LEVEL = "-Onone";
			};
			name = Debug;
		};
		AC4A5CBF2AED652C0001CB8A /* Release */ = {
			isa = XCBuildConfiguration;
			buildSettings = {
				ALWAYS_SEARCH_USER_PATHS = NO;
				ASSETCATALOG_COMPILER_GENERATE_SWIFT_ASSET_SYMBOL_EXTENSIONS = YES;
				CLANG_ANALYZER_NONNULL = YES;
				CLANG_ANALYZER_NUMBER_OBJECT_CONVERSION = YES_AGGRESSIVE;
				CLANG_CXX_LANGUAGE_STANDARD = "gnu++20";
				CLANG_ENABLE_MODULES = YES;
				CLANG_ENABLE_OBJC_ARC = YES;
				CLANG_ENABLE_OBJC_WEAK = YES;
				CLANG_WARN_BLOCK_CAPTURE_AUTORELEASING = YES;
				CLANG_WARN_BOOL_CONVERSION = YES;
				CLANG_WARN_COMMA = YES;
				CLANG_WARN_CONSTANT_CONVERSION = YES;
				CLANG_WARN_DEPRECATED_OBJC_IMPLEMENTATIONS = YES;
				CLANG_WARN_DIRECT_OBJC_ISA_USAGE = YES_ERROR;
				CLANG_WARN_DOCUMENTATION_COMMENTS = YES;
				CLANG_WARN_EMPTY_BODY = YES;
				CLANG_WARN_ENUM_CONVERSION = YES;
				CLANG_WARN_INFINITE_RECURSION = YES;
				CLANG_WARN_INT_CONVERSION = YES;
				CLANG_WARN_NON_LITERAL_NULL_CONVERSION = YES;
				CLANG_WARN_OBJC_IMPLICIT_RETAIN_SELF = YES;
				CLANG_WARN_OBJC_LITERAL_CONVERSION = YES;
				CLANG_WARN_OBJC_ROOT_CLASS = YES_ERROR;
				CLANG_WARN_QUOTED_INCLUDE_IN_FRAMEWORK_HEADER = YES;
				CLANG_WARN_RANGE_LOOP_ANALYSIS = YES;
				CLANG_WARN_STRICT_PROTOTYPES = YES;
				CLANG_WARN_SUSPICIOUS_MOVE = YES;
				CLANG_WARN_UNGUARDED_AVAILABILITY = YES_AGGRESSIVE;
				CLANG_WARN_UNREACHABLE_CODE = YES;
				CLANG_WARN__DUPLICATE_METHOD_MATCH = YES;
				COPY_PHASE_STRIP = NO;
				DEBUG_INFORMATION_FORMAT = "dwarf-with-dsym";
				ENABLE_NS_ASSERTIONS = NO;
				ENABLE_STRICT_OBJC_MSGSEND = YES;
				ENABLE_USER_SCRIPT_SANDBOXING = YES;
				GCC_C_LANGUAGE_STANDARD = gnu17;
				GCC_NO_COMMON_BLOCKS = YES;
				GCC_WARN_64_TO_32_BIT_CONVERSION = YES;
				GCC_WARN_ABOUT_RETURN_TYPE = YES_ERROR;
				GCC_WARN_UNDECLARED_SELECTOR = YES;
				GCC_WARN_UNINITIALIZED_AUTOS = YES_AGGRESSIVE;
				GCC_WARN_UNUSED_FUNCTION = YES;
				GCC_WARN_UNUSED_VARIABLE = YES;
				IPHONEOS_DEPLOYMENT_TARGET = 17.0;
				LOCALIZATION_PREFERS_STRING_CATALOGS = YES;
				MTL_ENABLE_DEBUG_INFO = NO;
				MTL_FAST_MATH = YES;
				SDKROOT = iphoneos;
				SWIFT_COMPILATION_MODE = wholemodule;
				VALIDATE_PRODUCT = YES;
			};
			name = Release;
		};
		AC4A5CC12AED652C0001CB8A /* Debug */ = {
			isa = XCBuildConfiguration;
			buildSettings = {
				ALWAYS_EMBED_SWIFT_STANDARD_LIBRARIES = YES;
				ASSETCATALOG_COMPILER_APPICON_NAME = AppIcon;
				ASSETCATALOG_COMPILER_GLOBAL_ACCENT_COLOR_NAME = AccentColor;
				CODE_SIGN_ENTITLEMENTS = "Breathe Easy/Breathe Easy.entitlements";
				CODE_SIGN_STYLE = Automatic;
				CURRENT_PROJECT_VERSION = 1;
				DEVELOPMENT_ASSET_PATHS = "\"Breathe Easy/Preview Content\"";
				DEVELOPMENT_TEAM = 29UT49FYG7;
				ENABLE_PREVIEWS = YES;
				GENERATE_INFOPLIST_FILE = YES;
				INFOPLIST_FILE = "Breathe-Easy-Info.plist";
				INFOPLIST_KEY_NSLocationWhenInUseUsageDescription = "Allow Breathe Easy to use your location to enhance your experience";
				INFOPLIST_KEY_UIApplicationSceneManifest_Generation = YES;
				INFOPLIST_KEY_UIApplicationSupportsIndirectInputEvents = YES;
				INFOPLIST_KEY_UILaunchScreen_Generation = YES;
				INFOPLIST_KEY_UISupportedInterfaceOrientations_iPad = "UIInterfaceOrientationPortrait UIInterfaceOrientationPortraitUpsideDown UIInterfaceOrientationLandscapeLeft UIInterfaceOrientationLandscapeRight";
				INFOPLIST_KEY_UISupportedInterfaceOrientations_iPhone = "UIInterfaceOrientationPortrait UIInterfaceOrientationLandscapeLeft UIInterfaceOrientationLandscapeRight";
				LD_RUNPATH_SEARCH_PATHS = (
					"$(inherited)",
					"@executable_path/Frameworks",
				);
				MARKETING_VERSION = 1.0;
				PRODUCT_BUNDLE_IDENTIFIER = "com.webview.Breathe-Easy";
				PRODUCT_NAME = "$(TARGET_NAME)";
				SWIFT_EMIT_LOC_STRINGS = YES;
				SWIFT_VERSION = 5.0;
				TARGETED_DEVICE_FAMILY = "1,2";
			};
			name = Debug;
		};
		AC4A5CC22AED652C0001CB8A /* Release */ = {
			isa = XCBuildConfiguration;
			buildSettings = {
				ALWAYS_EMBED_SWIFT_STANDARD_LIBRARIES = YES;
				ASSETCATALOG_COMPILER_APPICON_NAME = AppIcon;
				ASSETCATALOG_COMPILER_GLOBAL_ACCENT_COLOR_NAME = AccentColor;
				CODE_SIGN_ENTITLEMENTS = "Breathe Easy/Breathe Easy.entitlements";
				CODE_SIGN_STYLE = Automatic;
				CURRENT_PROJECT_VERSION = 1;
				DEVELOPMENT_ASSET_PATHS = "\"Breathe Easy/Preview Content\"";
				DEVELOPMENT_TEAM = 29UT49FYG7;
				ENABLE_PREVIEWS = YES;
				GENERATE_INFOPLIST_FILE = YES;
				INFOPLIST_FILE = "Breathe-Easy-Info.plist";
				INFOPLIST_KEY_NSLocationWhenInUseUsageDescription = "Allow Breathe Easy to use your location to enhance your experience";
				INFOPLIST_KEY_UIApplicationSceneManifest_Generation = YES;
				INFOPLIST_KEY_UIApplicationSupportsIndirectInputEvents = YES;
				INFOPLIST_KEY_UILaunchScreen_Generation = YES;
				INFOPLIST_KEY_UISupportedInterfaceOrientations_iPad = "UIInterfaceOrientationPortrait UIInterfaceOrientationPortraitUpsideDown UIInterfaceOrientationLandscapeLeft UIInterfaceOrientationLandscapeRight";
				INFOPLIST_KEY_UISupportedInterfaceOrientations_iPhone = "UIInterfaceOrientationPortrait UIInterfaceOrientationLandscapeLeft UIInterfaceOrientationLandscapeRight";
				LD_RUNPATH_SEARCH_PATHS = (
					"$(inherited)",
					"@executable_path/Frameworks",
				);
				MARKETING_VERSION = 1.0;
				PRODUCT_BUNDLE_IDENTIFIER = "com.webview.Breathe-Easy";
				PRODUCT_NAME = "$(TARGET_NAME)";
				SWIFT_EMIT_LOC_STRINGS = YES;
				SWIFT_VERSION = 5.0;
				TARGETED_DEVICE_FAMILY = "1,2";
			};
			name = Release;
		};
		AC4A5CC42AED652C0001CB8A /* Debug */ = {
			isa = XCBuildConfiguration;
			buildSettings = {
				ALWAYS_EMBED_SWIFT_STANDARD_LIBRARIES = YES;
				BUNDLE_LOADER = "$(TEST_HOST)";
				CODE_SIGN_STYLE = Automatic;
				CURRENT_PROJECT_VERSION = 1;
				GENERATE_INFOPLIST_FILE = YES;
				IPHONEOS_DEPLOYMENT_TARGET = 17.0;
				MARKETING_VERSION = 1.0;
				PRODUCT_BUNDLE_IDENTIFIER = "com.webview.Breathe-EasyTests";
				PRODUCT_NAME = "$(TARGET_NAME)";
				SWIFT_EMIT_LOC_STRINGS = NO;
				SWIFT_VERSION = 5.0;
				TARGETED_DEVICE_FAMILY = "1,2";
				TEST_HOST = "$(BUILT_PRODUCTS_DIR)/Breathe Easy.app/$(BUNDLE_EXECUTABLE_FOLDER_PATH)/Breathe Easy";
			};
			name = Debug;
		};
		AC4A5CC52AED652C0001CB8A /* Release */ = {
			isa = XCBuildConfiguration;
			buildSettings = {
				ALWAYS_EMBED_SWIFT_STANDARD_LIBRARIES = YES;
				BUNDLE_LOADER = "$(TEST_HOST)";
				CODE_SIGN_STYLE = Automatic;
				CURRENT_PROJECT_VERSION = 1;
				GENERATE_INFOPLIST_FILE = YES;
				IPHONEOS_DEPLOYMENT_TARGET = 17.0;
				MARKETING_VERSION = 1.0;
				PRODUCT_BUNDLE_IDENTIFIER = "com.webview.Breathe-EasyTests";
				PRODUCT_NAME = "$(TARGET_NAME)";
				SWIFT_EMIT_LOC_STRINGS = NO;
				SWIFT_VERSION = 5.0;
				TARGETED_DEVICE_FAMILY = "1,2";
				TEST_HOST = "$(BUILT_PRODUCTS_DIR)/Breathe Easy.app/$(BUNDLE_EXECUTABLE_FOLDER_PATH)/Breathe Easy";
			};
			name = Release;
		};
		AC4A5CC72AED652C0001CB8A /* Debug */ = {
			isa = XCBuildConfiguration;
			buildSettings = {
				ALWAYS_EMBED_SWIFT_STANDARD_LIBRARIES = YES;
				CODE_SIGN_STYLE = Automatic;
				CURRENT_PROJECT_VERSION = 1;
				GENERATE_INFOPLIST_FILE = YES;
				MARKETING_VERSION = 1.0;
				PRODUCT_BUNDLE_IDENTIFIER = "com.webview.Breathe-EasyUITests";
				PRODUCT_NAME = "$(TARGET_NAME)";
				SWIFT_EMIT_LOC_STRINGS = NO;
				SWIFT_VERSION = 5.0;
				TARGETED_DEVICE_FAMILY = "1,2";
				TEST_TARGET_NAME = "Breathe Easy";
			};
			name = Debug;
		};
		AC4A5CC82AED652C0001CB8A /* Release */ = {
			isa = XCBuildConfiguration;
			buildSettings = {
				ALWAYS_EMBED_SWIFT_STANDARD_LIBRARIES = YES;
				CODE_SIGN_STYLE = Automatic;
				CURRENT_PROJECT_VERSION = 1;
				GENERATE_INFOPLIST_FILE = YES;
				MARKETING_VERSION = 1.0;
				PRODUCT_BUNDLE_IDENTIFIER = "com.webview.Breathe-EasyUITests";
				PRODUCT_NAME = "$(TARGET_NAME)";
				SWIFT_EMIT_LOC_STRINGS = NO;
				SWIFT_VERSION = 5.0;
				TARGETED_DEVICE_FAMILY = "1,2";
				TEST_TARGET_NAME = "Breathe Easy";
			};
			name = Release;
		};
		AC4A5CE32AED65C10001CB8A /* Debug */ = {
			isa = XCBuildConfiguration;
			buildSettings = {
				ASSETCATALOG_COMPILER_GLOBAL_ACCENT_COLOR_NAME = AccentColor;
				ASSETCATALOG_COMPILER_WIDGET_BACKGROUND_COLOR_NAME = WidgetBackground;
				CODE_SIGN_STYLE = Automatic;
				CURRENT_PROJECT_VERSION = 1;
				GENERATE_INFOPLIST_FILE = YES;
				INFOPLIST_FILE = "Breathe Easy Widget/Info.plist";
				INFOPLIST_KEY_CFBundleDisplayName = "Breathe Easy Widget";
				INFOPLIST_KEY_NSHumanReadableCopyright = "";
				LD_RUNPATH_SEARCH_PATHS = (
					"$(inherited)",
					"@executable_path/Frameworks",
					"@executable_path/../../Frameworks",
				);
				MARKETING_VERSION = 1.0;
				PRODUCT_BUNDLE_IDENTIFIER = "com.webview.Breathe-Easy.Breathe-Easy-Widget";
				PRODUCT_NAME = "$(TARGET_NAME)";
				SKIP_INSTALL = YES;
				SWIFT_EMIT_LOC_STRINGS = YES;
				SWIFT_VERSION = 5.0;
				TARGETED_DEVICE_FAMILY = "1,2";
			};
			name = Debug;
		};
		AC4A5CE42AED65C10001CB8A /* Release */ = {
			isa = XCBuildConfiguration;
			buildSettings = {
				ASSETCATALOG_COMPILER_GLOBAL_ACCENT_COLOR_NAME = AccentColor;
				ASSETCATALOG_COMPILER_WIDGET_BACKGROUND_COLOR_NAME = WidgetBackground;
				CODE_SIGN_STYLE = Automatic;
				CURRENT_PROJECT_VERSION = 1;
				GENERATE_INFOPLIST_FILE = YES;
				INFOPLIST_FILE = "Breathe Easy Widget/Info.plist";
				INFOPLIST_KEY_CFBundleDisplayName = "Breathe Easy Widget";
				INFOPLIST_KEY_NSHumanReadableCopyright = "";
				LD_RUNPATH_SEARCH_PATHS = (
					"$(inherited)",
					"@executable_path/Frameworks",
					"@executable_path/../../Frameworks",
				);
				MARKETING_VERSION = 1.0;
				PRODUCT_BUNDLE_IDENTIFIER = "com.webview.Breathe-Easy.Breathe-Easy-Widget";
				PRODUCT_NAME = "$(TARGET_NAME)";
				SKIP_INSTALL = YES;
				SWIFT_EMIT_LOC_STRINGS = YES;
				SWIFT_VERSION = 5.0;
				TARGETED_DEVICE_FAMILY = "1,2";
			};
			name = Release;
		};
/* End XCBuildConfiguration section */

/* Begin XCConfigurationList section */
		AC4A5C972AED652A0001CB8A /* Build configuration list for PBXProject "Breathe Easy" */ = {
			isa = XCConfigurationList;
			buildConfigurations = (
				AC4A5CBE2AED652C0001CB8A /* Debug */,
				AC4A5CBF2AED652C0001CB8A /* Release */,
			);
			defaultConfigurationIsVisible = 0;
			defaultConfigurationName = Release;
		};
		AC4A5CC02AED652C0001CB8A /* Build configuration list for PBXNativeTarget "Breathe Easy" */ = {
			isa = XCConfigurationList;
			buildConfigurations = (
				AC4A5CC12AED652C0001CB8A /* Debug */,
				AC4A5CC22AED652C0001CB8A /* Release */,
			);
			defaultConfigurationIsVisible = 0;
			defaultConfigurationName = Release;
		};
		AC4A5CC32AED652C0001CB8A /* Build configuration list for PBXNativeTarget "Breathe EasyTests" */ = {
			isa = XCConfigurationList;
			buildConfigurations = (
				AC4A5CC42AED652C0001CB8A /* Debug */,
				AC4A5CC52AED652C0001CB8A /* Release */,
			);
			defaultConfigurationIsVisible = 0;
			defaultConfigurationName = Release;
		};
		AC4A5CC62AED652C0001CB8A /* Build configuration list for PBXNativeTarget "Breathe EasyUITests" */ = {
			isa = XCConfigurationList;
			buildConfigurations = (
				AC4A5CC72AED652C0001CB8A /* Debug */,
				AC4A5CC82AED652C0001CB8A /* Release */,
			);
			defaultConfigurationIsVisible = 0;
			defaultConfigurationName = Release;
		};
		AC4A5CE22AED65C10001CB8A /* Build configuration list for PBXNativeTarget "Breathe Easy WidgetExtension" */ = {
			isa = XCConfigurationList;
			buildConfigurations = (
				AC4A5CE32AED65C10001CB8A /* Debug */,
				AC4A5CE42AED65C10001CB8A /* Release */,
			);
			defaultConfigurationIsVisible = 0;
			defaultConfigurationName = Release;
		};
/* End XCConfigurationList section */

/* Begin XCRemoteSwiftPackageReference section */
		38BDC39F2B10349600D212BF /* XCRemoteSwiftPackageReference "firebase-ios-sdk" */ = {
			isa = XCRemoteSwiftPackageReference;
			repositoryURL = "https://github.com/firebase/firebase-ios-sdk.git";
			requirement = {
				kind = upToNextMajorVersion;
				minimumVersion = 10.18.0;
			};
		};
		38BDC3A42B1034E800D212BF /* XCRemoteSwiftPackageReference "GoogleSignIn-iOS" */ = {
			isa = XCRemoteSwiftPackageReference;
			repositoryURL = "https://github.com/google/GoogleSignIn-iOS.git";
			requirement = {
				kind = upToNextMajorVersion;
				minimumVersion = 7.0.0;
			};
		};
/* End XCRemoteSwiftPackageReference section */

/* Begin XCSwiftPackageProductDependency section */
		38BDC3A02B10349600D212BF /* FirebaseAuth */ = {
			isa = XCSwiftPackageProductDependency;
			package = 38BDC39F2B10349600D212BF /* XCRemoteSwiftPackageReference "firebase-ios-sdk" */;
			productName = FirebaseAuth;
		};
		38BDC3A22B10349600D212BF /* FirebaseFirestore */ = {
			isa = XCSwiftPackageProductDependency;
			package = 38BDC39F2B10349600D212BF /* XCRemoteSwiftPackageReference "firebase-ios-sdk" */;
			productName = FirebaseFirestore;
		};
		38BDC3A52B1034E800D212BF /* GoogleSignIn */ = {
			isa = XCSwiftPackageProductDependency;
			package = 38BDC3A42B1034E800D212BF /* XCRemoteSwiftPackageReference "GoogleSignIn-iOS" */;
			productName = GoogleSignIn;
		};
/* End XCSwiftPackageProductDependency section */
	};
	rootObject = AC4A5C942AED652A0001CB8A /* Project object */;
}
